
Microsoft Visual Studio Solution File, Format Version 12.00
# Visual Studio 15
VisualStudioVersion = 15.0.27004.2009
MinimumVisualStudioVersion = 10.0.40219.1
Project("{F184B08F-C81C-45F6-A57F-5ABD9991F28F}") = "ProjectHR", "ProjectHR\ProjectHR.vbproj", "{39EE5F16-CE60-41A3-88A2-8A5C73AA4F13}"
EndProject
Project("{F184B08F-C81C-45F6-A57F-5ABD9991F28F}") = "BusinessLayer", "BusinessLayer\BusinessLayer.vbproj", "{D35F32B4-B8B3-4E3F-B81F-8AC467660EF6}"
EndProject
Project("{FAE04EC0-301F-11D3-BF4B-00C04F79EFBC}") = "HRProjectWeb", "HRProjectWeb\HRProjectWeb.csproj", "{D539725E-5786-4619-9250-29293EE923FB}"
EndProject
Global
	GlobalSection(SolutionConfigurationPlatforms) = preSolution
		Debug|Any CPU = Debug|Any CPU
		Release|Any CPU = Release|Any CPU
	EndGlobalSection
	GlobalSection(ProjectConfigurationPlatforms) = postSolution
		{39EE5F16-CE60-41A3-88A2-8A5C73AA4F13}.Debug|Any CPU.ActiveCfg = Debug|Any CPU
		{39EE5F16-CE60-41A3-88A2-8A5C73AA4F13}.Debug|Any CPU.Build.0 = Debug|Any CPU
		{39EE5F16-CE60-41A3-88A2-8A5C73AA4F13}.Release|Any CPU.ActiveCfg = Release|Any CPU
		{39EE5F16-CE60-41A3-88A2-8A5C73AA4F13}.Release|Any CPU.Build.0 = Release|Any CPU
		{D35F32B4-B8B3-4E3F-B81F-8AC467660EF6}.Debug|Any CPU.ActiveCfg = Debug|Any CPU
		{D35F32B4-B8B3-4E3F-B81F-8AC467660EF6}.Debug|Any CPU.Build.0 = Debug|Any CPU
		{D35F32B4-B8B3-4E3F-B81F-8AC467660EF6}.Release|Any CPU.ActiveCfg = Release|Any CPU
		{D35F32B4-B8B3-4E3F-B81F-8AC467660EF6}.Release|Any CPU.Build.0 = Release|Any CPU
		{D539725E-5786-4619-9250-29293EE923FB}.Debug|Any CPU.ActiveCfg = Debug|Any CPU
		{D539725E-5786-4619-9250-29293EE923FB}.Debug|Any CPU.Build.0 = Debug|Any CPU
		{D539725E-5786-4619-9250-29293EE923FB}.Release|Any CPU.ActiveCfg = Release|Any CPU
		{D539725E-5786-4619-9250-29293EE923FB}.Release|Any CPU.Build.0 = Release|Any CPU
	EndGlobalSection
	GlobalSection(SolutionProperties) = preSolution
		HideSolutionNode = FALSE
	EndGlobalSection
	GlobalSection(ExtensibilityGlobals) = postSolution
		SolutionGuid = {A1D0401A-FC8C-4FE8-B599-39172880479A}
	EndGlobalSection
EndGlobal
